// !$*UTF8*$!
{
	archiveVersion = 1;
	classes = {
	};
	objectVersion = 50;
	objects = {

/* Begin PBXBuildFile section */
		CDA79C2825DE040C00570EE7 /* TouchdownApp.swift in Sources */ = {isa = PBXBuildFile; fileRef = CDA79C2725DE040C00570EE7 /* TouchdownApp.swift */; };
		CDA79C2A25DE040C00570EE7 /* HomeView.swift in Sources */ = {isa = PBXBuildFile; fileRef = CDA79C2925DE040C00570EE7 /* HomeView.swift */; };
		CDA79C2C25DE040D00570EE7 /* Assets.xcassets in Resources */ = {isa = PBXBuildFile; fileRef = CDA79C2B25DE040D00570EE7 /* Assets.xcassets */; };
		CDA79C2F25DE040D00570EE7 /* Preview Assets.xcassets in Resources */ = {isa = PBXBuildFile; fileRef = CDA79C2E25DE040D00570EE7 /* Preview Assets.xcassets */; };
		CDA79C4325DE073600570EE7 /* category.json in Resources */ = {isa = PBXBuildFile; fileRef = CDA79C3F25DE073600570EE7 /* category.json */; };
		CDA79C4425DE073600570EE7 /* player.json in Resources */ = {isa = PBXBuildFile; fileRef = CDA79C4025DE073600570EE7 /* player.json */; };
		CDA79C4525DE073600570EE7 /* product.json in Resources */ = {isa = PBXBuildFile; fileRef = CDA79C4125DE073600570EE7 /* product.json */; };
		CDA79C4625DE073600570EE7 /* brand.json in Resources */ = {isa = PBXBuildFile; fileRef = CDA79C4225DE073600570EE7 /* brand.json */; };
		CDA79C4F25DE078200570EE7 /* Constant.swift in Sources */ = {isa = PBXBuildFile; fileRef = CDA79C4E25DE078200570EE7 /* Constant.swift */; };
		CDA79C5225DE091C00570EE7 /* FooterView.swift in Sources */ = {isa = PBXBuildFile; fileRef = CDA79C5125DE091C00570EE7 /* FooterView.swift */; };
		CDA79C5625DE0BD400570EE7 /* NavigationBarView.swift in Sources */ = {isa = PBXBuildFile; fileRef = CDA79C5525DE0BD400570EE7 /* NavigationBarView.swift */; };
		CDA79C5925DE0CD600570EE7 /* LogoView.swift in Sources */ = {isa = PBXBuildFile; fileRef = CDA79C5825DE0CD600570EE7 /* LogoView.swift */; };
		CDA79C5C25DEE6AF00570EE7 /* PlayerModel.swift in Sources */ = {isa = PBXBuildFile; fileRef = CDA79C5B25DEE6AF00570EE7 /* PlayerModel.swift */; };
		CDA79C5F25DEE6E200570EE7 /* CodableBundleExtension .swift in Sources */ = {isa = PBXBuildFile; fileRef = CDA79C5E25DEE6E200570EE7 /* CodableBundleExtension .swift */; };
		CDA79C6225DEE80700570EE7 /* FeatureItemView.swift in Sources */ = {isa = PBXBuildFile; fileRef = CDA79C6125DEE80700570EE7 /* FeatureItemView.swift */; };
		CDA79C6525DEE89700570EE7 /* FeatureTabView.swift in Sources */ = {isa = PBXBuildFile; fileRef = CDA79C6425DEE89700570EE7 /* FeatureTabView.swift */; };
		CDA79C6825DEF2F300570EE7 /* CategoryModel.swift in Sources */ = {isa = PBXBuildFile; fileRef = CDA79C6725DEF2F300570EE7 /* CategoryModel.swift */; };
		CDA79C6B25DEF3F100570EE7 /* CategoryItemView.swift in Sources */ = {isa = PBXBuildFile; fileRef = CDA79C6A25DEF3F100570EE7 /* CategoryItemView.swift */; };
		CDA79C6E25DEF58900570EE7 /* CategoryGridView.swift in Sources */ = {isa = PBXBuildFile; fileRef = CDA79C6D25DEF58900570EE7 /* CategoryGridView.swift */; };
		CDA79C7125DEF70C00570EE7 /* SectionView.swift in Sources */ = {isa = PBXBuildFile; fileRef = CDA79C7025DEF70C00570EE7 /* SectionView.swift */; };
		CDA79C7425DF003000570EE7 /* TitleView.swift in Sources */ = {isa = PBXBuildFile; fileRef = CDA79C7325DF003000570EE7 /* TitleView.swift */; };
		CDA79C7725DF00FF00570EE7 /* ProductModel.swift in Sources */ = {isa = PBXBuildFile; fileRef = CDA79C7625DF00FF00570EE7 /* ProductModel.swift */; };
		CDA79C7A25DF01AF00570EE7 /* ProductItemView.swift in Sources */ = {isa = PBXBuildFile; fileRef = CDA79C7925DF01AF00570EE7 /* ProductItemView.swift */; };
		CDA79C7D25DF05F500570EE7 /* BrandsModel.swift in Sources */ = {isa = PBXBuildFile; fileRef = CDA79C7C25DF05F500570EE7 /* BrandsModel.swift */; };
		CDA79C8025DF09C000570EE7 /* BrandItemView.swift in Sources */ = {isa = PBXBuildFile; fileRef = CDA79C7F25DF09C000570EE7 /* BrandItemView.swift */; };
		CDA79C8325DF0AC900570EE7 /* BrandGridView.swift in Sources */ = {isa = PBXBuildFile; fileRef = CDA79C8225DF0AC900570EE7 /* BrandGridView.swift */; };
/* End PBXBuildFile section */

/* Begin PBXFileReference section */
		CDA79C2425DE040C00570EE7 /* Touchdown.app */ = {isa = PBXFileReference; explicitFileType = wrapper.application; includeInIndex = 0; path = Touchdown.app; sourceTree = BUILT_PRODUCTS_DIR; };
		CDA79C2725DE040C00570EE7 /* TouchdownApp.swift */ = {isa = PBXFileReference; lastKnownFileType = sourcecode.swift; path = TouchdownApp.swift; sourceTree = "<group>"; };
		CDA79C2925DE040C00570EE7 /* HomeView.swift */ = {isa = PBXFileReference; lastKnownFileType = sourcecode.swift; path = HomeView.swift; sourceTree = "<group>"; };
		CDA79C2B25DE040D00570EE7 /* Assets.xcassets */ = {isa = PBXFileReference; lastKnownFileType = folder.assetcatalog; path = Assets.xcassets; sourceTree = "<group>"; };
		CDA79C2E25DE040D00570EE7 /* Preview Assets.xcassets */ = {isa = PBXFileReference; lastKnownFileType = folder.assetcatalog; path = "Preview Assets.xcassets"; sourceTree = "<group>"; };
		CDA79C3025DE040D00570EE7 /* Info.plist */ = {isa = PBXFileReference; lastKnownFileType = text.plist.xml; path = Info.plist; sourceTree = "<group>"; };
		CDA79C3F25DE073600570EE7 /* category.json */ = {isa = PBXFileReference; fileEncoding = 4; lastKnownFileType = text.json; path = category.json; sourceTree = "<group>"; };
		CDA79C4025DE073600570EE7 /* player.json */ = {isa = PBXFileReference; fileEncoding = 4; lastKnownFileType = text.json; path = player.json; sourceTree = "<group>"; };
		CDA79C4125DE073600570EE7 /* product.json */ = {isa = PBXFileReference; fileEncoding = 4; lastKnownFileType = text.json; path = product.json; sourceTree = "<group>"; };
		CDA79C4225DE073600570EE7 /* brand.json */ = {isa = PBXFileReference; fileEncoding = 4; lastKnownFileType = text.json; path = brand.json; sourceTree = "<group>"; };
		CDA79C4E25DE078200570EE7 /* Constant.swift */ = {isa = PBXFileReference; lastKnownFileType = sourcecode.swift; path = Constant.swift; sourceTree = "<group>"; };
		CDA79C5125DE091C00570EE7 /* FooterView.swift */ = {isa = PBXFileReference; lastKnownFileType = sourcecode.swift; path = FooterView.swift; sourceTree = "<group>"; };
		CDA79C5525DE0BD400570EE7 /* NavigationBarView.swift */ = {isa = PBXFileReference; lastKnownFileType = sourcecode.swift; path = NavigationBarView.swift; sourceTree = "<group>"; };
		CDA79C5825DE0CD600570EE7 /* LogoView.swift */ = {isa = PBXFileReference; lastKnownFileType = sourcecode.swift; path = LogoView.swift; sourceTree = "<group>"; };
		CDA79C5B25DEE6AF00570EE7 /* PlayerModel.swift */ = {isa = PBXFileReference; lastKnownFileType = sourcecode.swift; path = PlayerModel.swift; sourceTree = "<group>"; };
		CDA79C5E25DEE6E200570EE7 /* CodableBundleExtension .swift */ = {isa = PBXFileReference; lastKnownFileType = sourcecode.swift; path = "CodableBundleExtension .swift"; sourceTree = "<group>"; };
		CDA79C6125DEE80700570EE7 /* FeatureItemView.swift */ = {isa = PBXFileReference; lastKnownFileType = sourcecode.swift; path = FeatureItemView.swift; sourceTree = "<group>"; };
		CDA79C6425DEE89700570EE7 /* FeatureTabView.swift */ = {isa = PBXFileReference; lastKnownFileType = sourcecode.swift; path = FeatureTabView.swift; sourceTree = "<group>"; };
		CDA79C6725DEF2F300570EE7 /* CategoryModel.swift */ = {isa = PBXFileReference; lastKnownFileType = sourcecode.swift; path = CategoryModel.swift; sourceTree = "<group>"; };
		CDA79C6A25DEF3F100570EE7 /* CategoryItemView.swift */ = {isa = PBXFileReference; lastKnownFileType = sourcecode.swift; path = CategoryItemView.swift; sourceTree = "<group>"; };
		CDA79C6D25DEF58900570EE7 /* CategoryGridView.swift */ = {isa = PBXFileReference; lastKnownFileType = sourcecode.swift; path = CategoryGridView.swift; sourceTree = "<group>"; };
		CDA79C7025DEF70C00570EE7 /* SectionView.swift */ = {isa = PBXFileReference; lastKnownFileType = sourcecode.swift; path = SectionView.swift; sourceTree = "<group>"; };
		CDA79C7325DF003000570EE7 /* TitleView.swift */ = {isa = PBXFileReference; lastKnownFileType = sourcecode.swift; path = TitleView.swift; sourceTree = "<group>"; };
		CDA79C7625DF00FF00570EE7 /* ProductModel.swift */ = {isa = PBXFileReference; lastKnownFileType = sourcecode.swift; path = ProductModel.swift; sourceTree = "<group>"; };
		CDA79C7925DF01AF00570EE7 /* ProductItemView.swift */ = {isa = PBXFileReference; lastKnownFileType = sourcecode.swift; path = ProductItemView.swift; sourceTree = "<group>"; };
		CDA79C7C25DF05F500570EE7 /* BrandsModel.swift */ = {isa = PBXFileReference; lastKnownFileType = sourcecode.swift; path = BrandsModel.swift; sourceTree = "<group>"; };
		CDA79C7F25DF09C000570EE7 /* BrandItemView.swift */ = {isa = PBXFileReference; lastKnownFileType = sourcecode.swift; path = BrandItemView.swift; sourceTree = "<group>"; };
		CDA79C8225DF0AC900570EE7 /* BrandGridView.swift */ = {isa = PBXFileReference; lastKnownFileType = sourcecode.swift; path = BrandGridView.swift; sourceTree = "<group>"; };
/* End PBXFileReference section */

/* Begin PBXFrameworksBuildPhase section */
		CDA79C2125DE040C00570EE7 /* Frameworks */ = {
			isa = PBXFrameworksBuildPhase;
			buildActionMask = 2147483647;
			files = (
			);
			runOnlyForDeploymentPostprocessing = 0;
		};
/* End PBXFrameworksBuildPhase section */

/* Begin PBXGroup section */
		CDA79C1B25DE040C00570EE7 = {
			isa = PBXGroup;
			children = (
				CDA79C2625DE040C00570EE7 /* Touchdown */,
				CDA79C2525DE040C00570EE7 /* Products */,
			);
			sourceTree = "<group>";
		};
		CDA79C2525DE040C00570EE7 /* Products */ = {
			isa = PBXGroup;
			children = (
				CDA79C2425DE040C00570EE7 /* Touchdown.app */,
			);
			name = Products;
			sourceTree = "<group>";
		};
		CDA79C2625DE040C00570EE7 /* Touchdown */ = {
			isa = PBXGroup;
			children = (
				CDA79C4D25DE076800570EE7 /* Utility */,
				CDA79C4C25DE076200570EE7 /* Extension */,
				CDA79C4B25DE075D00570EE7 /* Model */,
				CDA79C3E25DE072100570EE7 /* Data */,
				CDA79C3D25DE071500570EE7 /* View */,
				CDA79C3B25DE070E00570EE7 /* App */,
				CDA79C2B25DE040D00570EE7 /* Assets.xcassets */,
				CDA79C3025DE040D00570EE7 /* Info.plist */,
				CDA79C2D25DE040D00570EE7 /* Preview Content */,
			);
			path = Touchdown;
			sourceTree = "<group>";
		};
		CDA79C2D25DE040D00570EE7 /* Preview Content */ = {
			isa = PBXGroup;
			children = (
				CDA79C2E25DE040D00570EE7 /* Preview Assets.xcassets */,
			);
			path = "Preview Content";
			sourceTree = "<group>";
		};
		CDA79C3B25DE070E00570EE7 /* App */ = {
			isa = PBXGroup;
			children = (
				CDA79C2725DE040C00570EE7 /* TouchdownApp.swift */,
				CDA79C2925DE040C00570EE7 /* HomeView.swift */,
			);
			path = App;
			sourceTree = "<group>";
		};
		CDA79C3D25DE071500570EE7 /* View */ = {
			isa = PBXGroup;
			children = (
				CDA79C4A25DE075000570EE7 /* Detail */,
				CDA79C4925DE074700570EE7 /* Home */,
			);
			path = View;
			sourceTree = "<group>";
		};
		CDA79C3E25DE072100570EE7 /* Data */ = {
			isa = PBXGroup;
			children = (
				CDA79C4225DE073600570EE7 /* brand.json */,
				CDA79C3F25DE073600570EE7 /* category.json */,
				CDA79C4025DE073600570EE7 /* player.json */,
				CDA79C4125DE073600570EE7 /* product.json */,
			);
			path = Data;
			sourceTree = "<group>";
		};
		CDA79C4925DE074700570EE7 /* Home */ = {
			isa = PBXGroup;
			children = (
				CDA79C5125DE091C00570EE7 /* FooterView.swift */,
				CDA79C5525DE0BD400570EE7 /* NavigationBarView.swift */,
				CDA79C5825DE0CD600570EE7 /* LogoView.swift */,
				CDA79C6125DEE80700570EE7 /* FeatureItemView.swift */,
				CDA79C6425DEE89700570EE7 /* FeatureTabView.swift */,
				CDA79C6A25DEF3F100570EE7 /* CategoryItemView.swift */,
				CDA79C6D25DEF58900570EE7 /* CategoryGridView.swift */,
				CDA79C7025DEF70C00570EE7 /* SectionView.swift */,
				CDA79C7325DF003000570EE7 /* TitleView.swift */,
				CDA79C7925DF01AF00570EE7 /* ProductItemView.swift */,
				CDA79C7F25DF09C000570EE7 /* BrandItemView.swift */,
				CDA79C8225DF0AC900570EE7 /* BrandGridView.swift */,
			);
			path = Home;
			sourceTree = "<group>";
		};
		CDA79C4A25DE075000570EE7 /* Detail */ = {
			isa = PBXGroup;
			children = (
			);
			path = Detail;
			sourceTree = "<group>";
		};
		CDA79C4B25DE075D00570EE7 /* Model */ = {
			isa = PBXGroup;
			children = (
				CDA79C5B25DEE6AF00570EE7 /* PlayerModel.swift */,
				CDA79C6725DEF2F300570EE7 /* CategoryModel.swift */,
				CDA79C7625DF00FF00570EE7 /* ProductModel.swift */,
				CDA79C7C25DF05F500570EE7 /* BrandsModel.swift */,
			);
			path = Model;
			sourceTree = "<group>";
		};
		CDA79C4C25DE076200570EE7 /* Extension */ = {
			isa = PBXGroup;
			children = (
				CDA79C5E25DEE6E200570EE7 /* CodableBundleExtension .swift */,
			);
			path = Extension;
			sourceTree = "<group>";
		};
		CDA79C4D25DE076800570EE7 /* Utility */ = {
			isa = PBXGroup;
			children = (
				CDA79C4E25DE078200570EE7 /* Constant.swift */,
			);
			path = Utility;
			sourceTree = "<group>";
		};
/* End PBXGroup section */

/* Begin PBXNativeTarget section */
		CDA79C2325DE040C00570EE7 /* Touchdown */ = {
			isa = PBXNativeTarget;
			buildConfigurationList = CDA79C3325DE040D00570EE7 /* Build configuration list for PBXNativeTarget "Touchdown" */;
			buildPhases = (
				CDA79C2025DE040C00570EE7 /* Sources */,
				CDA79C2125DE040C00570EE7 /* Frameworks */,
				CDA79C2225DE040C00570EE7 /* Resources */,
			);
			buildRules = (
			);
			dependencies = (
			);
			name = Touchdown;
			productName = Touchdown;
			productReference = CDA79C2425DE040C00570EE7 /* Touchdown.app */;
			productType = "com.apple.product-type.application";
		};
/* End PBXNativeTarget section */

/* Begin PBXProject section */
		CDA79C1C25DE040C00570EE7 /* Project object */ = {
			isa = PBXProject;
			attributes = {
				LastSwiftUpdateCheck = 1220;
				LastUpgradeCheck = 1220;
				TargetAttributes = {
					CDA79C2325DE040C00570EE7 = {
						CreatedOnToolsVersion = 12.2;
					};
				};
			};
			buildConfigurationList = CDA79C1F25DE040C00570EE7 /* Build configuration list for PBXProject "Touchdown" */;
			compatibilityVersion = "Xcode 9.3";
			developmentRegion = en;
			hasScannedForEncodings = 0;
			knownRegions = (
				en,
				Base,
			);
			mainGroup = CDA79C1B25DE040C00570EE7;
			productRefGroup = CDA79C2525DE040C00570EE7 /* Products */;
			projectDirPath = "";
			projectRoot = "";
			targets = (
				CDA79C2325DE040C00570EE7 /* Touchdown */,
			);
		};
/* End PBXProject section */

/* Begin PBXResourcesBuildPhase section */
		CDA79C2225DE040C00570EE7 /* Resources */ = {
			isa = PBXResourcesBuildPhase;
			buildActionMask = 2147483647;
			files = (
				CDA79C4425DE073600570EE7 /* player.json in Resources */,
				CDA79C2F25DE040D00570EE7 /* Preview Assets.xcassets in Resources */,
				CDA79C4625DE073600570EE7 /* brand.json in Resources */,
				CDA79C2C25DE040D00570EE7 /* Assets.xcassets in Resources */,
				CDA79C4325DE073600570EE7 /* category.json in Resources */,
				CDA79C4525DE073600570EE7 /* product.json in Resources */,
			);
			runOnlyForDeploymentPostprocessing = 0;
		};
/* End PBXResourcesBuildPhase section */

/* Begin PBXSourcesBuildPhase section */
		CDA79C2025DE040C00570EE7 /* Sources */ = {
			isa = PBXSourcesBuildPhase;
			buildActionMask = 2147483647;
			files = (
				CDA79C6225DEE80700570EE7 /* FeatureItemView.swift in Sources */,
				CDA79C6525DEE89700570EE7 /* FeatureTabView.swift in Sources */,
				CDA79C2A25DE040C00570EE7 /* HomeView.swift in Sources */,
				CDA79C5F25DEE6E200570EE7 /* CodableBundleExtension .swift in Sources */,
				CDA79C5925DE0CD600570EE7 /* LogoView.swift in Sources */,
				CDA79C7A25DF01AF00570EE7 /* ProductItemView.swift in Sources */,
				CDA79C8325DF0AC900570EE7 /* BrandGridView.swift in Sources */,
				CDA79C5225DE091C00570EE7 /* FooterView.swift in Sources */,
				CDA79C7D25DF05F500570EE7 /* BrandsModel.swift in Sources */,
				CDA79C2825DE040C00570EE7 /* TouchdownApp.swift in Sources */,
				CDA79C6E25DEF58900570EE7 /* CategoryGridView.swift in Sources */,
				CDA79C6825DEF2F300570EE7 /* CategoryModel.swift in Sources */,
				CDA79C4F25DE078200570EE7 /* Constant.swift in Sources */,
				CDA79C8025DF09C000570EE7 /* BrandItemView.swift in Sources */,
				CDA79C7125DEF70C00570EE7 /* SectionView.swift in Sources */,
				CDA79C6B25DEF3F100570EE7 /* CategoryItemView.swift in Sources */,
				CDA79C5625DE0BD400570EE7 /* NavigationBarView.swift in Sources */,
				CDA79C5C25DEE6AF00570EE7 /* PlayerModel.swift in Sources */,
				CDA79C7425DF003000570EE7 /* TitleView.swift in Sources */,
				CDA79C7725DF00FF00570EE7 /* ProductModel.swift in Sources */,
			);
			runOnlyForDeploymentPostprocessing = 0;
		};
/* End PBXSourcesBuildPhase section */

/* Begin XCBuildConfiguration section */
		CDA79C3125DE040D00570EE7 /* Debug */ = {
			isa = XCBuildConfiguration;
			buildSettings = {
				ALWAYS_SEARCH_USER_PATHS = NO;
				CLANG_ANALYZER_NONNULL = YES;
				CLANG_ANALYZER_NUMBER_OBJECT_CONVERSION = YES_AGGRESSIVE;
				CLANG_CXX_LANGUAGE_STANDARD = "gnu++14";
				CLANG_CXX_LIBRARY = "libc++";
				CLANG_ENABLE_MODULES = YES;
				CLANG_ENABLE_OBJC_ARC = YES;
				CLANG_ENABLE_OBJC_WEAK = YES;
				CLANG_WARN_BLOCK_CAPTURE_AUTORELEASING = YES;
				CLANG_WARN_BOOL_CONVERSION = YES;
				CLANG_WARN_COMMA = YES;
				CLANG_WARN_CONSTANT_CONVERSION = YES;
				CLANG_WARN_DEPRECATED_OBJC_IMPLEMENTATIONS = YES;
				CLANG_WARN_DIRECT_OBJC_ISA_USAGE = YES_ERROR;
				CLANG_WARN_DOCUMENTATION_COMMENTS = YES;
				CLANG_WARN_EMPTY_BODY = YES;
				CLANG_WARN_ENUM_CONVERSION = YES;
				CLANG_WARN_INFINITE_RECURSION = YES;
				CLANG_WARN_INT_CONVERSION = YES;
				CLANG_WARN_NON_LITERAL_NULL_CONVERSION = YES;
				CLANG_WARN_OBJC_IMPLICIT_RETAIN_SELF = YES;
				CLANG_WARN_OBJC_LITERAL_CONVERSION = YES;
				CLANG_WARN_OBJC_ROOT_CLASS = YES_ERROR;
				CLANG_WARN_QUOTED_INCLUDE_IN_FRAMEWORK_HEADER = YES;
				CLANG_WARN_RANGE_LOOP_ANALYSIS = YES;
				CLANG_WARN_STRICT_PROTOTYPES = YES;
				CLANG_WARN_SUSPICIOUS_MOVE = YES;
				CLANG_WARN_UNGUARDED_AVAILABILITY = YES_AGGRESSIVE;
				CLANG_WARN_UNREACHABLE_CODE = YES;
				CLANG_WARN__DUPLICATE_METHOD_MATCH = YES;
				COPY_PHASE_STRIP = NO;
				DEBUG_INFORMATION_FORMAT = dwarf;
				ENABLE_STRICT_OBJC_MSGSEND = YES;
				ENABLE_TESTABILITY = YES;
				GCC_C_LANGUAGE_STANDARD = gnu11;
				GCC_DYNAMIC_NO_PIC = NO;
				GCC_NO_COMMON_BLOCKS = YES;
				GCC_OPTIMIZATION_LEVEL = 0;
				GCC_PREPROCESSOR_DEFINITIONS = (
					"DEBUG=1",
					"$(inherited)",
				);
				GCC_WARN_64_TO_32_BIT_CONVERSION = YES;
				GCC_WARN_ABOUT_RETURN_TYPE = YES_ERROR;
				GCC_WARN_UNDECLARED_SELECTOR = YES;
				GCC_WARN_UNINITIALIZED_AUTOS = YES_AGGRESSIVE;
				GCC_WARN_UNUSED_FUNCTION = YES;
				GCC_WARN_UNUSED_VARIABLE = YES;
				IPHONEOS_DEPLOYMENT_TARGET = 14.2;
				MTL_ENABLE_DEBUG_INFO = INCLUDE_SOURCE;
				MTL_FAST_MATH = YES;
				ONLY_ACTIVE_ARCH = YES;
				SDKROOT = iphoneos;
				SWIFT_ACTIVE_COMPILATION_CONDITIONS = DEBUG;
				SWIFT_OPTIMIZATION_LEVEL = "-Onone";
			};
			name = Debug;
		};
		CDA79C3225DE040D00570EE7 /* Release */ = {
			isa = XCBuildConfiguration;
			buildSettings = {
				ALWAYS_SEARCH_USER_PATHS = NO;
				CLANG_ANALYZER_NONNULL = YES;
				CLANG_ANALYZER_NUMBER_OBJECT_CONVERSION = YES_AGGRESSIVE;
				CLANG_CXX_LANGUAGE_STANDARD = "gnu++14";
				CLANG_CXX_LIBRARY = "libc++";
				CLANG_ENABLE_MODULES = YES;
				CLANG_ENABLE_OBJC_ARC = YES;
				CLANG_ENABLE_OBJC_WEAK = YES;
				CLANG_WARN_BLOCK_CAPTURE_AUTORELEASING = YES;
				CLANG_WARN_BOOL_CONVERSION = YES;
				CLANG_WARN_COMMA = YES;
				CLANG_WARN_CONSTANT_CONVERSION = YES;
				CLANG_WARN_DEPRECATED_OBJC_IMPLEMENTATIONS = YES;
				CLANG_WARN_DIRECT_OBJC_ISA_USAGE = YES_ERROR;
				CLANG_WARN_DOCUMENTATION_COMMENTS = YES;
				CLANG_WARN_EMPTY_BODY = YES;
				CLANG_WARN_ENUM_CONVERSION = YES;
				CLANG_WARN_INFINITE_RECURSION = YES;
				CLANG_WARN_INT_CONVERSION = YES;
				CLANG_WARN_NON_LITERAL_NULL_CONVERSION = YES;
				CLANG_WARN_OBJC_IMPLICIT_RETAIN_SELF = YES;
				CLANG_WARN_OBJC_LITERAL_CONVERSION = YES;
				CLANG_WARN_OBJC_ROOT_CLASS = YES_ERROR;
				CLANG_WARN_QUOTED_INCLUDE_IN_FRAMEWORK_HEADER = YES;
				CLANG_WARN_RANGE_LOOP_ANALYSIS = YES;
				CLANG_WARN_STRICT_PROTOTYPES = YES;
				CLANG_WARN_SUSPICIOUS_MOVE = YES;
				CLANG_WARN_UNGUARDED_AVAILABILITY = YES_AGGRESSIVE;
				CLANG_WARN_UNREACHABLE_CODE = YES;
				CLANG_WARN__DUPLICATE_METHOD_MATCH = YES;
				COPY_PHASE_STRIP = NO;
				DEBUG_INFORMATION_FORMAT = "dwarf-with-dsym";
				ENABLE_NS_ASSERTIONS = NO;
				ENABLE_STRICT_OBJC_MSGSEND = YES;
				GCC_C_LANGUAGE_STANDARD = gnu11;
				GCC_NO_COMMON_BLOCKS = YES;
				GCC_WARN_64_TO_32_BIT_CONVERSION = YES;
				GCC_WARN_ABOUT_RETURN_TYPE = YES_ERROR;
				GCC_WARN_UNDECLARED_SELECTOR = YES;
				GCC_WARN_UNINITIALIZED_AUTOS = YES_AGGRESSIVE;
				GCC_WARN_UNUSED_FUNCTION = YES;
				GCC_WARN_UNUSED_VARIABLE = YES;
				IPHONEOS_DEPLOYMENT_TARGET = 14.2;
				MTL_ENABLE_DEBUG_INFO = NO;
				MTL_FAST_MATH = YES;
				SDKROOT = iphoneos;
				SWIFT_COMPILATION_MODE = wholemodule;
				SWIFT_OPTIMIZATION_LEVEL = "-O";
				VALIDATE_PRODUCT = YES;
			};
			name = Release;
		};
		CDA79C3425DE040D00570EE7 /* Debug */ = {
			isa = XCBuildConfiguration;
			buildSettings = {
				ASSETCATALOG_COMPILER_APPICON_NAME = AppIcon;
				ASSETCATALOG_COMPILER_GLOBAL_ACCENT_COLOR_NAME = AccentColor;
				CODE_SIGN_STYLE = Automatic;
				DEVELOPMENT_ASSET_PATHS = "\"Touchdown/Preview Content\"";
				DEVELOPMENT_TEAM = L682628XMT;
				ENABLE_PREVIEWS = YES;
				INFOPLIST_FILE = Touchdown/Info.plist;
				IPHONEOS_DEPLOYMENT_TARGET = 14.0;
				LD_RUNPATH_SEARCH_PATHS = (
					"$(inherited)",
					"@executable_path/Frameworks",
				);
				PRODUCT_BUNDLE_IDENTIFIER = dev.marcosbarbosa.Touchdown;
				PRODUCT_NAME = "$(TARGET_NAME)";
				SWIFT_VERSION = 5.0;
				TARGETED_DEVICE_FAMILY = "1,2";
			};
			name = Debug;
		};
		CDA79C3525DE040D00570EE7 /* Release */ = {
			isa = XCBuildConfiguration;
			buildSettings = {
				ASSETCATALOG_COMPILER_APPICON_NAME = AppIcon;
				ASSETCATALOG_COMPILER_GLOBAL_ACCENT_COLOR_NAME = AccentColor;
				CODE_SIGN_STYLE = Automatic;
				DEVELOPMENT_ASSET_PATHS = "\"Touchdown/Preview Content\"";
				DEVELOPMENT_TEAM = L682628XMT;
				ENABLE_PREVIEWS = YES;
				INFOPLIST_FILE = Touchdown/Info.plist;
				IPHONEOS_DEPLOYMENT_TARGET = 14.0;
				LD_RUNPATH_SEARCH_PATHS = (
					"$(inherited)",
					"@executable_path/Frameworks",
				);
				PRODUCT_BUNDLE_IDENTIFIER = dev.marcosbarbosa.Touchdown;
				PRODUCT_NAME = "$(TARGET_NAME)";
				SWIFT_VERSION = 5.0;
				TARGETED_DEVICE_FAMILY = "1,2";
			};
			name = Release;
		};
/* End XCBuildConfiguration section */

/* Begin XCConfigurationList section */
		CDA79C1F25DE040C00570EE7 /* Build configuration list for PBXProject "Touchdown" */ = {
			isa = XCConfigurationList;
			buildConfigurations = (
				CDA79C3125DE040D00570EE7 /* Debug */,
				CDA79C3225DE040D00570EE7 /* Release */,
			);
			defaultConfigurationIsVisible = 0;
			defaultConfigurationName = Release;
		};
		CDA79C3325DE040D00570EE7 /* Build configuration list for PBXNativeTarget "Touchdown" */ = {
			isa = XCConfigurationList;
			buildConfigurations = (
				CDA79C3425DE040D00570EE7 /* Debug */,
				CDA79C3525DE040D00570EE7 /* Release */,
			);
			defaultConfigurationIsVisible = 0;
			defaultConfigurationName = Release;
		};
/* End XCConfigurationList section */
	};
	rootObject = CDA79C1C25DE040C00570EE7 /* Project object */;
}
